
Microsoft Visual Studio Solution File, Format Version 12.00
# Visual Studio Version 17
VisualStudioVersion = 17.7.34221.43
MinimumVisualStudioVersion = 10.0.40219.1
Project("{8BC9CEB8-8B4A-11D0-8D11-00A0C91BC942}") = "Assignment4", "Assignment4\Assignment4.vcxproj", "{E8F50EF6-BFC5-46F8-BCF8-79A52D307861}"
EndProject
Global
	GlobalSection(SolutionConfigurationPlatforms) = preSolution
		Debug|x64 = Debug|x64
		Debug|x86 = Debug|x86
		Release|x64 = Release|x64
		Release|x86 = Release|x86
	EndGlobalSection
	GlobalSection(ProjectConfigurationPlatforms) = postSolution
		{E8F50EF6-BFC5-46F8-BCF8-79A52D307861}.Debug|x64.ActiveCfg = Debug|x64
		{E8F50EF6-BFC5-46F8-BCF8-79A52D307861}.Debug|x64.Build.0 = Debug|x64
		{E8F50EF6-BFC5-46F8-BCF8-79A52D307861}.Debug|x86.ActiveCfg = Debug|Win32
		{E8F50EF6-BFC5-46F8-BCF8-79A52D307861}.Debug|x86.Build.0 = Debug|Win32
		{E8F50EF6-BFC5-46F8-BCF8-79A52D307861}.Release|x64.ActiveCfg = Release|x64
		{E8F50EF6-BFC5-46F8-BCF8-79A52D307861}.Release|x64.Build.0 = Release|x64
		{E8F50EF6-BFC5-46F8-BCF8-79A52D307861}.Release|x86.ActiveCfg = Release|Win32
		{E8F50EF6-BFC5-46F8-BCF8-79A52D307861}.Release|x86.Build.0 = Release|Win32
	EndGlobalSection
	GlobalSection(SolutionProperties) = preSolution
		HideSolutionNode = FALSE
	EndGlobalSection
	GlobalSection(ExtensibilityGlobals) = postSolution
		SolutionGuid = {508B1FCF-02E8-4079-AED7-E2A70B795223}
	EndGlobalSection
EndGlobal
